
Microsoft Visual Studio Solution File, Format Version 12.00
# Visual Studio Version 16
VisualStudioVersion = 16.0.32106.194
MinimumVisualStudioVersion = 10.0.40219.1
Project("{FAE04EC0-301F-11D3-BF4B-00C04F79EFBC}") = "FirstPlayground", "FirstPlayground\FirstPlayground.csproj", "{2A95D44F-8F55-406C-893F-309AD3783114}"
EndProject
Global
	GlobalSection(SolutionConfigurationPlatforms) = preSolution
		Debug|Any CPU = Debug|Any CPU
		Release|Any CPU = Release|Any CPU
	EndGlobalSection
	GlobalSection(ProjectConfigurationPlatforms) = postSolution
		{2A95D44F-8F55-406C-893F-309AD3783114}.Debug|Any CPU.ActiveCfg = Debug|Any CPU
		{2A95D44F-8F55-406C-893F-309AD3783114}.Debug|Any CPU.Build.0 = Debug|Any CPU
		{2A95D44F-8F55-406C-893F-309AD3783114}.Release|Any CPU.ActiveCfg = Release|Any CPU
		{2A95D44F-8F55-406C-893F-309AD3783114}.Release|Any CPU.Build.0 = Release|Any CPU
	EndGlobalSection
	GlobalSection(SolutionProperties) = preSolution
		HideSolutionNode = FALSE
	EndGlobalSection
	GlobalSection(ExtensibilityGlobals) = postSolution
		SolutionGuid = {05E7DCCE-46CE-4503-8B68-075E0E1493BC}
	EndGlobalSection
EndGlobal
